// !$*UTF8*$!
{
	archiveVersion = 1;
	classes = {
	};
	objectVersion = 50;
	objects = {

/* Begin PBXBuildFile section */
		114F27D826A97EDA00462A4C /* Review.storyboard in Resources */ = {isa = PBXBuildFile; fileRef = 114F27D726A97EDA00462A4C /* Review.storyboard */; };
		11AD602026B01CDF003D2F84 /* Dailys.storyboard in Resources */ = {isa = PBXBuildFile; fileRef = 11AD601F26B01CDF003D2F84 /* Dailys.storyboard */; };
		11AD602626B06D21003D2F84 /* DailysVC.swift in Sources */ = {isa = PBXBuildFile; fileRef = 11AD602526B06D21003D2F84 /* DailysVC.swift */; };
		4C23D82D26B928D30060D0DE /* DetailVoucher.swift in Sources */ = {isa = PBXBuildFile; fileRef = 4C23D82C26B928D30060D0DE /* DetailVoucher.swift */; };
		4C77DA4B26ABEA3F0041450D /* Voucher.storyboard in Resources */ = {isa = PBXBuildFile; fileRef = 4C77DA4A26ABEA3F0041450D /* Voucher.storyboard */; };
		4C77DA4F26AEA58C0041450D /* VoucherVC.swift in Sources */ = {isa = PBXBuildFile; fileRef = 4C77DA4E26AEA58C0041450D /* VoucherVC.swift */; };
		B926619926A6A7DF00ACC9F2 /* AppDelegate.swift in Sources */ = {isa = PBXBuildFile; fileRef = B926619826A6A7DF00ACC9F2 /* AppDelegate.swift */; };
		B926619B26A6A7DF00ACC9F2 /* SceneDelegate.swift in Sources */ = {isa = PBXBuildFile; fileRef = B926619A26A6A7DF00ACC9F2 /* SceneDelegate.swift */; };
		B926619D26A6A7DF00ACC9F2 /* ReviewVC.swift in Sources */ = {isa = PBXBuildFile; fileRef = B926619C26A6A7DF00ACC9F2 /* ReviewVC.swift */; };
		B92661A526A6A7DF00ACC9F2 /* Assets.xcassets in Resources */ = {isa = PBXBuildFile; fileRef = B92661A426A6A7DF00ACC9F2 /* Assets.xcassets */; };
		B92661A826A6A7DF00ACC9F2 /* LaunchScreen.storyboard in Resources */ = {isa = PBXBuildFile; fileRef = B92661A626A6A7DF00ACC9F2 /* LaunchScreen.storyboard */; };
		B92661B326A6A7DF00ACC9F2 /* reviewistic_businessTests.swift in Sources */ = {isa = PBXBuildFile; fileRef = B92661B226A6A7DF00ACC9F2 /* reviewistic_businessTests.swift */; };
		B92661BE26A6A7DF00ACC9F2 /* reviewistic_businessUITests.swift in Sources */ = {isa = PBXBuildFile; fileRef = B92661BD26A6A7DF00ACC9F2 /* reviewistic_businessUITests.swift */; };
		B92661D826A8235E00ACC9F2 /* TransactionModel.swift in Sources */ = {isa = PBXBuildFile; fileRef = B92661D726A8235E00ACC9F2 /* TransactionModel.swift */; };
		B95F5C5426AAB0A7005DF1FA /* Dashboard.storyboard in Resources */ = {isa = PBXBuildFile; fileRef = B95F5C5326AAB0A7005DF1FA /* Dashboard.storyboard */; };
		B95F5C5926AD1A4A005DF1FA /* DashboardVC.swift in Sources */ = {isa = PBXBuildFile; fileRef = B95F5C5826AD1A4A005DF1FA /* DashboardVC.swift */; };
		B95F5C6826AEAD15005DF1FA /* VoucherModel.swift in Sources */ = {isa = PBXBuildFile; fileRef = B95F5C6726AEAD15005DF1FA /* VoucherModel.swift */; };
		B95F5C7326AFDF17005DF1FA /* DashboardTC.swift in Sources */ = {isa = PBXBuildFile; fileRef = B95F5C7226AFDF17005DF1FA /* DashboardTC.swift */; };
		D722EF3326B130D900EE7150 /* Image.swift in Sources */ = {isa = PBXBuildFile; fileRef = D722EF3226B130D900EE7150 /* Image.swift */; };
		D722EF3526B1D64700EE7150 /* ProductViewModel.swift in Sources */ = {isa = PBXBuildFile; fileRef = D722EF3426B1D64700EE7150 /* ProductViewModel.swift */; };
		D7244B8526AEAEE7000D7447 /* AddTransVoucherVC.swift in Sources */ = {isa = PBXBuildFile; fileRef = D7244B8426AEAEE7000D7447 /* AddTransVoucherVC.swift */; };
		D7244B8726AEAEF7000D7447 /* AddVoucherVC.swift in Sources */ = {isa = PBXBuildFile; fileRef = D7244B8626AEAEF7000D7447 /* AddVoucherVC.swift */; };
		D7447E5826A9447E0082412B /* TransactionVC.swift in Sources */ = {isa = PBXBuildFile; fileRef = D7447E5726A9447E0082412B /* TransactionVC.swift */; };
		D7447E5A26A9453F0082412B /* DetailTransactionVC.swift in Sources */ = {isa = PBXBuildFile; fileRef = D7447E5926A9453F0082412B /* DetailTransactionVC.swift */; };
		D7476A5B28A9243400B7F92C /* Url.swift in Sources */ = {isa = PBXBuildFile; fileRef = D7476A5A28A9243400B7F92C /* Url.swift */; };
		D74D483726B26CB0001F35A9 /* ProdukModel.swift in Sources */ = {isa = PBXBuildFile; fileRef = B95F5C6226AEA6B3005DF1FA /* ProdukModel.swift */; };
		D74EA48F26B0003600B1E914 /* VoucherViewModel.swift in Sources */ = {isa = PBXBuildFile; fileRef = D74EA48E26B0003600B1E914 /* VoucherViewModel.swift */; };
		D74EA49226B0095200B1E914 /* UserDefaults.swift in Sources */ = {isa = PBXBuildFile; fileRef = D74EA49126B0095200B1E914 /* UserDefaults.swift */; };
		D79FD2D826AA7FDD00A079F2 /* Transaction.storyboard in Resources */ = {isa = PBXBuildFile; fileRef = D79FD2D726AA7FDD00A079F2 /* Transaction.storyboard */; };
		D79FD2DD26AA8A2900A079F2 /* TransactionViewModel.swift in Sources */ = {isa = PBXBuildFile; fileRef = D79FD2DC26AA8A2900A079F2 /* TransactionViewModel.swift */; };
		D7AE047826AAA7360024F018 /* Main.storyboard in Resources */ = {isa = PBXBuildFile; fileRef = D7AE047726AAA7360024F018 /* Main.storyboard */; };
		D7C445EC26AEA9670013DA28 /* ModalTransVoucher.storyboard in Resources */ = {isa = PBXBuildFile; fileRef = D7C445EB26AEA9670013DA28 /* ModalTransVoucher.storyboard */; };
		D7C445EE26AEA96F0013DA28 /* ModalVoucher.storyboard in Resources */ = {isa = PBXBuildFile; fileRef = D7C445ED26AEA96F0013DA28 /* ModalVoucher.storyboard */; };
		D7ED5C6C26B1156900B7DF45 /* Date.swift in Sources */ = {isa = PBXBuildFile; fileRef = D7ED5C6B26B1156900B7DF45 /* Date.swift */; };
		D7ED5C6E26B119ED00B7DF45 /* Storyboard.swift in Sources */ = {isa = PBXBuildFile; fileRef = D7ED5C6D26B119ED00B7DF45 /* Storyboard.swift */; };
		D7ED5C7026B12EBD00B7DF45 /* ModalBarcode.storyboard in Resources */ = {isa = PBXBuildFile; fileRef = D7ED5C6F26B12EBD00B7DF45 /* ModalBarcode.storyboard */; };
		D7ED5C7226B12FA200B7DF45 /* BarcodeVC.swift in Sources */ = {isa = PBXBuildFile; fileRef = D7ED5C7126B12FA200B7DF45 /* BarcodeVC.swift */; };
/* End PBXBuildFile section */

/* Begin PBXContainerItemProxy section */
		B92661AF26A6A7DF00ACC9F2 /* PBXContainerItemProxy */ = {
			isa = PBXContainerItemProxy;
			containerPortal = B926618D26A6A7DF00ACC9F2 /* Project object */;
			proxyType = 1;
			remoteGlobalIDString = B926619426A6A7DF00ACC9F2;
			remoteInfo = team8_business;
		};
		B92661BA26A6A7DF00ACC9F2 /* PBXContainerItemProxy */ = {
			isa = PBXContainerItemProxy;
			containerPortal = B926618D26A6A7DF00ACC9F2 /* Project object */;
			proxyType = 1;
			remoteGlobalIDString = B926619426A6A7DF00ACC9F2;
			remoteInfo = team8_business;
		};
/* End PBXContainerItemProxy section */

/* Begin PBXFileReference section */
		114F27D726A97EDA00462A4C /* Review.storyboard */ = {isa = PBXFileReference; fileEncoding = 4; lastKnownFileType = file.storyboard; path = Review.storyboard; sourceTree = "<group>"; };
		11AD601F26B01CDF003D2F84 /* Dailys.storyboard */ = {isa = PBXFileReference; lastKnownFileType = file.storyboard; path = Dailys.storyboard; sourceTree = "<group>"; };
		11AD602526B06D21003D2F84 /* DailysVC.swift */ = {isa = PBXFileReference; lastKnownFileType = sourcecode.swift; path = DailysVC.swift; sourceTree = "<group>"; };
		4C23D82C26B928D30060D0DE /* DetailVoucher.swift */ = {isa = PBXFileReference; lastKnownFileType = sourcecode.swift; path = DetailVoucher.swift; sourceTree = "<group>"; };
		4C77DA4A26ABEA3F0041450D /* Voucher.storyboard */ = {isa = PBXFileReference; lastKnownFileType = file.storyboard; path = Voucher.storyboard; sourceTree = "<group>"; };
		4C77DA4E26AEA58C0041450D /* VoucherVC.swift */ = {isa = PBXFileReference; lastKnownFileType = sourcecode.swift; path = VoucherVC.swift; sourceTree = "<group>"; };
		B926619526A6A7DF00ACC9F2 /* reviewistic.app */ = {isa = PBXFileReference; explicitFileType = wrapper.application; includeInIndex = 0; path = reviewistic.app; sourceTree = BUILT_PRODUCTS_DIR; };
		B926619826A6A7DF00ACC9F2 /* AppDelegate.swift */ = {isa = PBXFileReference; lastKnownFileType = sourcecode.swift; path = AppDelegate.swift; sourceTree = "<group>"; };
		B926619A26A6A7DF00ACC9F2 /* SceneDelegate.swift */ = {isa = PBXFileReference; lastKnownFileType = sourcecode.swift; path = SceneDelegate.swift; sourceTree = "<group>"; };
		B926619C26A6A7DF00ACC9F2 /* ReviewVC.swift */ = {isa = PBXFileReference; lastKnownFileType = sourcecode.swift; path = ReviewVC.swift; sourceTree = "<group>"; };
		B92661A426A6A7DF00ACC9F2 /* Assets.xcassets */ = {isa = PBXFileReference; lastKnownFileType = folder.assetcatalog; path = Assets.xcassets; sourceTree = "<group>"; };
		B92661A726A6A7DF00ACC9F2 /* Base */ = {isa = PBXFileReference; lastKnownFileType = file.storyboard; name = Base; path = Base.lproj/LaunchScreen.storyboard; sourceTree = "<group>"; };
		B92661A926A6A7DF00ACC9F2 /* Info.plist */ = {isa = PBXFileReference; lastKnownFileType = text.plist.xml; path = Info.plist; sourceTree = "<group>"; };
		B92661AE26A6A7DF00ACC9F2 /* reviewisticTests.xctest */ = {isa = PBXFileReference; explicitFileType = wrapper.cfbundle; includeInIndex = 0; path = reviewisticTests.xctest; sourceTree = BUILT_PRODUCTS_DIR; };
		B92661B226A6A7DF00ACC9F2 /* reviewistic_businessTests.swift */ = {isa = PBXFileReference; lastKnownFileType = sourcecode.swift; path = reviewistic_businessTests.swift; sourceTree = "<group>"; };
		B92661B426A6A7DF00ACC9F2 /* Info.plist */ = {isa = PBXFileReference; lastKnownFileType = text.plist.xml; path = Info.plist; sourceTree = "<group>"; };
		B92661B926A6A7DF00ACC9F2 /* reviewisticUITests.xctest */ = {isa = PBXFileReference; explicitFileType = wrapper.cfbundle; includeInIndex = 0; path = reviewisticUITests.xctest; sourceTree = BUILT_PRODUCTS_DIR; };
		B92661BD26A6A7DF00ACC9F2 /* reviewistic_businessUITests.swift */ = {isa = PBXFileReference; lastKnownFileType = sourcecode.swift; path = reviewistic_businessUITests.swift; sourceTree = "<group>"; };
		B92661BF26A6A7DF00ACC9F2 /* Info.plist */ = {isa = PBXFileReference; lastKnownFileType = text.plist.xml; path = Info.plist; sourceTree = "<group>"; };
		B92661D726A8235E00ACC9F2 /* TransactionModel.swift */ = {isa = PBXFileReference; lastKnownFileType = sourcecode.swift; path = TransactionModel.swift; sourceTree = "<group>"; };
		B95F5C5326AAB0A7005DF1FA /* Dashboard.storyboard */ = {isa = PBXFileReference; lastKnownFileType = file.storyboard; path = Dashboard.storyboard; sourceTree = "<group>"; };
		B95F5C5826AD1A4A005DF1FA /* DashboardVC.swift */ = {isa = PBXFileReference; lastKnownFileType = sourcecode.swift; path = DashboardVC.swift; sourceTree = "<group>"; };
		B95F5C6226AEA6B3005DF1FA /* ProdukModel.swift */ = {isa = PBXFileReference; lastKnownFileType = sourcecode.swift; path = ProdukModel.swift; sourceTree = "<group>"; };
		B95F5C6726AEAD15005DF1FA /* VoucherModel.swift */ = {isa = PBXFileReference; lastKnownFileType = sourcecode.swift; path = VoucherModel.swift; sourceTree = "<group>"; };
		B95F5C7226AFDF17005DF1FA /* DashboardTC.swift */ = {isa = PBXFileReference; lastKnownFileType = sourcecode.swift; path = DashboardTC.swift; sourceTree = "<group>"; };
		D722EF3226B130D900EE7150 /* Image.swift */ = {isa = PBXFileReference; lastKnownFileType = sourcecode.swift; path = Image.swift; sourceTree = "<group>"; };
		D722EF3426B1D64700EE7150 /* ProductViewModel.swift */ = {isa = PBXFileReference; lastKnownFileType = sourcecode.swift; path = ProductViewModel.swift; sourceTree = "<group>"; };
		D7244B8426AEAEE7000D7447 /* AddTransVoucherVC.swift */ = {isa = PBXFileReference; lastKnownFileType = sourcecode.swift; path = AddTransVoucherVC.swift; sourceTree = "<group>"; };
		D7244B8626AEAEF7000D7447 /* AddVoucherVC.swift */ = {isa = PBXFileReference; lastKnownFileType = sourcecode.swift; path = AddVoucherVC.swift; sourceTree = "<group>"; };
		D7447E5726A9447E0082412B /* TransactionVC.swift */ = {isa = PBXFileReference; lastKnownFileType = sourcecode.swift; path = TransactionVC.swift; sourceTree = "<group>"; };
		D7447E5926A9453F0082412B /* DetailTransactionVC.swift */ = {isa = PBXFileReference; lastKnownFileType = sourcecode.swift; path = DetailTransactionVC.swift; sourceTree = "<group>"; };
		D7476A5A28A9243400B7F92C /* Url.swift */ = {isa = PBXFileReference; lastKnownFileType = sourcecode.swift; path = Url.swift; sourceTree = "<group>"; };
		D74EA48E26B0003600B1E914 /* VoucherViewModel.swift */ = {isa = PBXFileReference; lastKnownFileType = sourcecode.swift; path = VoucherViewModel.swift; sourceTree = "<group>"; };
		D74EA49126B0095200B1E914 /* UserDefaults.swift */ = {isa = PBXFileReference; lastKnownFileType = sourcecode.swift; path = UserDefaults.swift; sourceTree = "<group>"; };
		D79FD2D726AA7FDD00A079F2 /* Transaction.storyboard */ = {isa = PBXFileReference; lastKnownFileType = file.storyboard; path = Transaction.storyboard; sourceTree = "<group>"; };
		D79FD2DC26AA8A2900A079F2 /* TransactionViewModel.swift */ = {isa = PBXFileReference; lastKnownFileType = sourcecode.swift; path = TransactionViewModel.swift; sourceTree = "<group>"; };
		D7AE047726AAA7360024F018 /* Main.storyboard */ = {isa = PBXFileReference; lastKnownFileType = file.storyboard; path = Main.storyboard; sourceTree = "<group>"; };
		D7C445EB26AEA9670013DA28 /* ModalTransVoucher.storyboard */ = {isa = PBXFileReference; lastKnownFileType = file.storyboard; path = ModalTransVoucher.storyboard; sourceTree = "<group>"; };
		D7C445ED26AEA96F0013DA28 /* ModalVoucher.storyboard */ = {isa = PBXFileReference; lastKnownFileType = file.storyboard; path = ModalVoucher.storyboard; sourceTree = "<group>"; };
		D7ED5C6B26B1156900B7DF45 /* Date.swift */ = {isa = PBXFileReference; lastKnownFileType = sourcecode.swift; path = Date.swift; sourceTree = "<group>"; };
		D7ED5C6D26B119ED00B7DF45 /* Storyboard.swift */ = {isa = PBXFileReference; lastKnownFileType = sourcecode.swift; path = Storyboard.swift; sourceTree = "<group>"; };
		D7ED5C6F26B12EBD00B7DF45 /* ModalBarcode.storyboard */ = {isa = PBXFileReference; lastKnownFileType = file.storyboard; path = ModalBarcode.storyboard; sourceTree = "<group>"; };
		D7ED5C7126B12FA200B7DF45 /* BarcodeVC.swift */ = {isa = PBXFileReference; lastKnownFileType = sourcecode.swift; path = BarcodeVC.swift; sourceTree = "<group>"; };
/* End PBXFileReference section */

/* Begin PBXFrameworksBuildPhase section */
		B926619226A6A7DF00ACC9F2 /* Frameworks */ = {
			isa = PBXFrameworksBuildPhase;
			buildActionMask = 2147483647;
			files = (
			);
			runOnlyForDeploymentPostprocessing = 0;
		};
		B92661AB26A6A7DF00ACC9F2 /* Frameworks */ = {
			isa = PBXFrameworksBuildPhase;
			buildActionMask = 2147483647;
			files = (
			);
			runOnlyForDeploymentPostprocessing = 0;
		};
		B92661B626A6A7DF00ACC9F2 /* Frameworks */ = {
			isa = PBXFrameworksBuildPhase;
			buildActionMask = 2147483647;
			files = (
			);
			runOnlyForDeploymentPostprocessing = 0;
		};
/* End PBXFrameworksBuildPhase section */

/* Begin PBXGroup section */
		B926618C26A6A7DF00ACC9F2 = {
			isa = PBXGroup;
			children = (
				B926619726A6A7DF00ACC9F2 /* reviewistic */,
				B92661B126A6A7DF00ACC9F2 /* reviewistic_businessTests */,
				B92661BC26A6A7DF00ACC9F2 /* reviewistic_businessUITests */,
				B926619626A6A7DF00ACC9F2 /* Products */,
			);
			sourceTree = "<group>";
		};
		B926619626A6A7DF00ACC9F2 /* Products */ = {
			isa = PBXGroup;
			children = (
				B926619526A6A7DF00ACC9F2 /* reviewistic.app */,
				B92661AE26A6A7DF00ACC9F2 /* reviewisticTests.xctest */,
				B92661B926A6A7DF00ACC9F2 /* reviewisticUITests.xctest */,
			);
			name = Products;
			sourceTree = "<group>";
		};
		B926619726A6A7DF00ACC9F2 /* reviewistic */ = {
			isa = PBXGroup;
			children = (
				D79FD2DB26AA8A0700A079F2 /* ViewModel */,
				B92661D626A8234D00ACC9F2 /* Model */,
				D7C8E93426A7F9DD00956846 /* Shared */,
				D7C8E93226A7F8D800956846 /* Controller */,
				D7C8E93326A7F9AE00956846 /* Storyboard */,
				D74EA49026B0092900B1E914 /* Extension */,
				B92661A426A6A7DF00ACC9F2 /* Assets.xcassets */,
				B92661A926A6A7DF00ACC9F2 /* Info.plist */,
			);
			path = reviewistic;
			sourceTree = "<group>";
		};
		B92661B126A6A7DF00ACC9F2 /* reviewistic_businessTests */ = {
			isa = PBXGroup;
			children = (
				B92661B226A6A7DF00ACC9F2 /* reviewistic_businessTests.swift */,
				B92661B426A6A7DF00ACC9F2 /* Info.plist */,
			);
			path = reviewistic_businessTests;
			sourceTree = "<group>";
		};
		B92661BC26A6A7DF00ACC9F2 /* reviewistic_businessUITests */ = {
			isa = PBXGroup;
			children = (
				B92661BD26A6A7DF00ACC9F2 /* reviewistic_businessUITests.swift */,
				B92661BF26A6A7DF00ACC9F2 /* Info.plist */,
			);
			path = reviewistic_businessUITests;
			sourceTree = "<group>";
		};
		B92661D626A8234D00ACC9F2 /* Model */ = {
			isa = PBXGroup;
			children = (
				B92661D726A8235E00ACC9F2 /* TransactionModel.swift */,
				B95F5C6226AEA6B3005DF1FA /* ProdukModel.swift */,
				B95F5C6726AEAD15005DF1FA /* VoucherModel.swift */,
			);
			path = Model;
			sourceTree = "<group>";
		};
		D74EA49026B0092900B1E914 /* Extension */ = {
			isa = PBXGroup;
			children = (
				D74EA49126B0095200B1E914 /* UserDefaults.swift */,
				D7ED5C6B26B1156900B7DF45 /* Date.swift */,
				D7ED5C6D26B119ED00B7DF45 /* Storyboard.swift */,
				D722EF3226B130D900EE7150 /* Image.swift */,
				D7476A5A28A9243400B7F92C /* Url.swift */,
			);
			path = Extension;
			sourceTree = "<group>";
		};
		D79FD2DB26AA8A0700A079F2 /* ViewModel */ = {
			isa = PBXGroup;
			children = (
				D79FD2DC26AA8A2900A079F2 /* TransactionViewModel.swift */,
				D74EA48E26B0003600B1E914 /* VoucherViewModel.swift */,
				D722EF3426B1D64700EE7150 /* ProductViewModel.swift */,
			);
			path = ViewModel;
			sourceTree = "<group>";
		};
		D7C8E93226A7F8D800956846 /* Controller */ = {
			isa = PBXGroup;
			children = (
				D7447E5726A9447E0082412B /* TransactionVC.swift */,
				D7447E5926A9453F0082412B /* DetailTransactionVC.swift */,
				4C23D82C26B928D30060D0DE /* DetailVoucher.swift */,
				11AD602526B06D21003D2F84 /* DailysVC.swift */,
				4C77DA4E26AEA58C0041450D /* VoucherVC.swift */,
				B926619C26A6A7DF00ACC9F2 /* ReviewVC.swift */,
				D7244B8426AEAEE7000D7447 /* AddTransVoucherVC.swift */,
				D7244B8626AEAEF7000D7447 /* AddVoucherVC.swift */,
				B95F5C5826AD1A4A005DF1FA /* DashboardVC.swift */,
				B95F5C7226AFDF17005DF1FA /* DashboardTC.swift */,
				D7ED5C7126B12FA200B7DF45 /* BarcodeVC.swift */,
			);
			path = Controller;
			sourceTree = "<group>";
		};
		D7C8E93326A7F9AE00956846 /* Storyboard */ = {
			isa = PBXGroup;
			children = (
				D7AE047726AAA7360024F018 /* Main.storyboard */,
				11AD601F26B01CDF003D2F84 /* Dailys.storyboard */,
				B95F5C5326AAB0A7005DF1FA /* Dashboard.storyboard */,
				B92661A626A6A7DF00ACC9F2 /* LaunchScreen.storyboard */,
				D79FD2D726AA7FDD00A079F2 /* Transaction.storyboard */,
				D7C445EB26AEA9670013DA28 /* ModalTransVoucher.storyboard */,
				D7C445ED26AEA96F0013DA28 /* ModalVoucher.storyboard */,
				D7ED5C6F26B12EBD00B7DF45 /* ModalBarcode.storyboard */,
				114F27D726A97EDA00462A4C /* Review.storyboard */,
				4C77DA4A26ABEA3F0041450D /* Voucher.storyboard */,
			);
			path = Storyboard;
			sourceTree = "<group>";
		};
		D7C8E93426A7F9DD00956846 /* Shared */ = {
			isa = PBXGroup;
			children = (
				B926619826A6A7DF00ACC9F2 /* AppDelegate.swift */,
				B926619A26A6A7DF00ACC9F2 /* SceneDelegate.swift */,
			);
			path = Shared;
			sourceTree = "<group>";
		};
/* End PBXGroup section */

/* Begin PBXNativeTarget section */
		B926619426A6A7DF00ACC9F2 /* reviewistic */ = {
			isa = PBXNativeTarget;
			buildConfigurationList = B92661C226A6A7DF00ACC9F2 /* Build configuration list for PBXNativeTarget "reviewistic" */;
			buildPhases = (
				B926619126A6A7DF00ACC9F2 /* Sources */,
				B926619226A6A7DF00ACC9F2 /* Frameworks */,
				B926619326A6A7DF00ACC9F2 /* Resources */,
			);
			buildRules = (
			);
			dependencies = (
			);
			name = reviewistic;
			productName = team8_business;
			productReference = B926619526A6A7DF00ACC9F2 /* reviewistic.app */;
			productType = "com.apple.product-type.application";
		};
		B92661AD26A6A7DF00ACC9F2 /* reviewisticTests */ = {
			isa = PBXNativeTarget;
			buildConfigurationList = B92661C526A6A7DF00ACC9F2 /* Build configuration list for PBXNativeTarget "reviewisticTests" */;
			buildPhases = (
				B92661AA26A6A7DF00ACC9F2 /* Sources */,
				B92661AB26A6A7DF00ACC9F2 /* Frameworks */,
				B92661AC26A6A7DF00ACC9F2 /* Resources */,
			);
			buildRules = (
			);
			dependencies = (
				B92661B026A6A7DF00ACC9F2 /* PBXTargetDependency */,
			);
			name = reviewisticTests;
			productName = team8_businessTests;
			productReference = B92661AE26A6A7DF00ACC9F2 /* reviewisticTests.xctest */;
			productType = "com.apple.product-type.bundle.unit-test";
		};
		B92661B826A6A7DF00ACC9F2 /* reviewisticUITests */ = {
			isa = PBXNativeTarget;
			buildConfigurationList = B92661C826A6A7DF00ACC9F2 /* Build configuration list for PBXNativeTarget "reviewisticUITests" */;
			buildPhases = (
				B92661B526A6A7DF00ACC9F2 /* Sources */,
				B92661B626A6A7DF00ACC9F2 /* Frameworks */,
				B92661B726A6A7DF00ACC9F2 /* Resources */,
			);
			buildRules = (
			);
			dependencies = (
				B92661BB26A6A7DF00ACC9F2 /* PBXTargetDependency */,
			);
			name = reviewisticUITests;
			productName = team8_businessUITests;
			productReference = B92661B926A6A7DF00ACC9F2 /* reviewisticUITests.xctest */;
			productType = "com.apple.product-type.bundle.ui-testing";
		};
/* End PBXNativeTarget section */

/* Begin PBXProject section */
		B926618D26A6A7DF00ACC9F2 /* Project object */ = {
			isa = PBXProject;
			attributes = {
				LastSwiftUpdateCheck = 1240;
				LastUpgradeCheck = 1240;
				TargetAttributes = {
					B926619426A6A7DF00ACC9F2 = {
						CreatedOnToolsVersion = 12.4;
					};
					B92661AD26A6A7DF00ACC9F2 = {
						CreatedOnToolsVersion = 12.4;
						TestTargetID = B926619426A6A7DF00ACC9F2;
					};
					B92661B826A6A7DF00ACC9F2 = {
						CreatedOnToolsVersion = 12.4;
						TestTargetID = B926619426A6A7DF00ACC9F2;
					};
				};
			};
			buildConfigurationList = B926619026A6A7DF00ACC9F2 /* Build configuration list for PBXProject "reviewistic" */;
			compatibilityVersion = "Xcode 9.3";
			developmentRegion = en;
			hasScannedForEncodings = 0;
			knownRegions = (
				en,
				Base,
			);
			mainGroup = B926618C26A6A7DF00ACC9F2;
			productRefGroup = B926619626A6A7DF00ACC9F2 /* Products */;
			projectDirPath = "";
			projectRoot = "";
			targets = (
				B926619426A6A7DF00ACC9F2 /* reviewistic */,
				B92661AD26A6A7DF00ACC9F2 /* reviewisticTests */,
				B92661B826A6A7DF00ACC9F2 /* reviewisticUITests */,
			);
		};
/* End PBXProject section */

/* Begin PBXResourcesBuildPhase section */
		B926619326A6A7DF00ACC9F2 /* Resources */ = {
			isa = PBXResourcesBuildPhase;
			buildActionMask = 2147483647;
			files = (
				114F27D826A97EDA00462A4C /* Review.storyboard in Resources */,
				B95F5C5426AAB0A7005DF1FA /* Dashboard.storyboard in Resources */,
				D7AE047826AAA7360024F018 /* Main.storyboard in Resources */,
				B92661A826A6A7DF00ACC9F2 /* LaunchScreen.storyboard in Resources */,
				B92661A526A6A7DF00ACC9F2 /* Assets.xcassets in Resources */,
				D7ED5C7026B12EBD00B7DF45 /* ModalBarcode.storyboard in Resources */,
				D79FD2D826AA7FDD00A079F2 /* Transaction.storyboard in Resources */,
				4C77DA4B26ABEA3F0041450D /* Voucher.storyboard in Resources */,
				D7C445EE26AEA96F0013DA28 /* ModalVoucher.storyboard in Resources */,
				11AD602026B01CDF003D2F84 /* Dailys.storyboard in Resources */,
				D7C445EC26AEA9670013DA28 /* ModalTransVoucher.storyboard in Resources */,
			);
			runOnlyForDeploymentPostprocessing = 0;
		};
		B92661AC26A6A7DF00ACC9F2 /* Resources */ = {
			isa = PBXResourcesBuildPhase;
			buildActionMask = 2147483647;
			files = (
			);
			runOnlyForDeploymentPostprocessing = 0;
		};
		B92661B726A6A7DF00ACC9F2 /* Resources */ = {
			isa = PBXResourcesBuildPhase;
			buildActionMask = 2147483647;
			files = (
			);
			runOnlyForDeploymentPostprocessing = 0;
		};
/* End PBXResourcesBuildPhase section */

/* Begin PBXSourcesBuildPhase section */
		B926619126A6A7DF00ACC9F2 /* Sources */ = {
			isa = PBXSourcesBuildPhase;
			buildActionMask = 2147483647;
			files = (
				D74EA49226B0095200B1E914 /* UserDefaults.swift in Sources */,
				B92661D826A8235E00ACC9F2 /* TransactionModel.swift in Sources */,
				B95F5C6826AEAD15005DF1FA /* VoucherModel.swift in Sources */,
				D7476A5B28A9243400B7F92C /* Url.swift in Sources */,
				11AD602626B06D21003D2F84 /* DailysVC.swift in Sources */,
				B95F5C5926AD1A4A005DF1FA /* DashboardVC.swift in Sources */,
				D7447E5A26A9453F0082412B /* DetailTransactionVC.swift in Sources */,
				D722EF3526B1D64700EE7150 /* ProductViewModel.swift in Sources */,
				D74D483726B26CB0001F35A9 /* ProdukModel.swift in Sources */,
				B95F5C7326AFDF17005DF1FA /* DashboardTC.swift in Sources */,
				D79FD2DD26AA8A2900A079F2 /* TransactionViewModel.swift in Sources */,
				D722EF3326B130D900EE7150 /* Image.swift in Sources */,
				D7ED5C7226B12FA200B7DF45 /* BarcodeVC.swift in Sources */,
				D7ED5C6C26B1156900B7DF45 /* Date.swift in Sources */,
				4C77DA4F26AEA58C0041450D /* VoucherVC.swift in Sources */,
				D7447E5826A9447E0082412B /* TransactionVC.swift in Sources */,
				D7ED5C6E26B119ED00B7DF45 /* Storyboard.swift in Sources */,
				B926619D26A6A7DF00ACC9F2 /* ReviewVC.swift in Sources */,
				D74EA48F26B0003600B1E914 /* VoucherViewModel.swift in Sources */,
				B926619D26A6A7DF00ACC9F2 /* ReviewVC.swift in Sources */,
				B926619926A6A7DF00ACC9F2 /* AppDelegate.swift in Sources */,
				4C23D82D26B928D30060D0DE /* DetailVoucher.swift in Sources */,
				D7244B8526AEAEE7000D7447 /* AddTransVoucherVC.swift in Sources */,
				D7244B8726AEAEF7000D7447 /* AddVoucherVC.swift in Sources */,
				B926619B26A6A7DF00ACC9F2 /* SceneDelegate.swift in Sources */,
			);
			runOnlyForDeploymentPostprocessing = 0;
		};
		B92661AA26A6A7DF00ACC9F2 /* Sources */ = {
			isa = PBXSourcesBuildPhase;
			buildActionMask = 2147483647;
			files = (
				B92661B326A6A7DF00ACC9F2 /* reviewistic_businessTests.swift in Sources */,
			);
			runOnlyForDeploymentPostprocessing = 0;
		};
		B92661B526A6A7DF00ACC9F2 /* Sources */ = {
			isa = PBXSourcesBuildPhase;
			buildActionMask = 2147483647;
			files = (
				B92661BE26A6A7DF00ACC9F2 /* reviewistic_businessUITests.swift in Sources */,
			);
			runOnlyForDeploymentPostprocessing = 0;
		};
/* End PBXSourcesBuildPhase section */

/* Begin PBXTargetDependency section */
		B92661B026A6A7DF00ACC9F2 /* PBXTargetDependency */ = {
			isa = PBXTargetDependency;
			target = B926619426A6A7DF00ACC9F2 /* reviewistic */;
			targetProxy = B92661AF26A6A7DF00ACC9F2 /* PBXContainerItemProxy */;
		};
		B92661BB26A6A7DF00ACC9F2 /* PBXTargetDependency */ = {
			isa = PBXTargetDependency;
			target = B926619426A6A7DF00ACC9F2 /* reviewistic */;
			targetProxy = B92661BA26A6A7DF00ACC9F2 /* PBXContainerItemProxy */;
		};
/* End PBXTargetDependency section */

/* Begin PBXVariantGroup section */
		B92661A626A6A7DF00ACC9F2 /* LaunchScreen.storyboard */ = {
			isa = PBXVariantGroup;
			children = (
				B92661A726A6A7DF00ACC9F2 /* Base */,
			);
			name = LaunchScreen.storyboard;
			sourceTree = "<group>";
		};
/* End PBXVariantGroup section */

/* Begin XCBuildConfiguration section */
		B92661C026A6A7DF00ACC9F2 /* Debug */ = {
			isa = XCBuildConfiguration;
			buildSettings = {
				ALWAYS_SEARCH_USER_PATHS = NO;
				CLANG_ANALYZER_NONNULL = YES;
				CLANG_ANALYZER_NUMBER_OBJECT_CONVERSION = YES_AGGRESSIVE;
				CLANG_CXX_LANGUAGE_STANDARD = "gnu++14";
				CLANG_CXX_LIBRARY = "libc++";
				CLANG_ENABLE_MODULES = YES;
				CLANG_ENABLE_OBJC_ARC = YES;
				CLANG_ENABLE_OBJC_WEAK = YES;
				CLANG_WARN_BLOCK_CAPTURE_AUTORELEASING = YES;
				CLANG_WARN_BOOL_CONVERSION = YES;
				CLANG_WARN_COMMA = YES;
				CLANG_WARN_CONSTANT_CONVERSION = YES;
				CLANG_WARN_DEPRECATED_OBJC_IMPLEMENTATIONS = YES;
				CLANG_WARN_DIRECT_OBJC_ISA_USAGE = YES_ERROR;
				CLANG_WARN_DOCUMENTATION_COMMENTS = YES;
				CLANG_WARN_EMPTY_BODY = YES;
				CLANG_WARN_ENUM_CONVERSION = YES;
				CLANG_WARN_INFINITE_RECURSION = YES;
				CLANG_WARN_INT_CONVERSION = YES;
				CLANG_WARN_NON_LITERAL_NULL_CONVERSION = YES;
				CLANG_WARN_OBJC_IMPLICIT_RETAIN_SELF = YES;
				CLANG_WARN_OBJC_LITERAL_CONVERSION = YES;
				CLANG_WARN_OBJC_ROOT_CLASS = YES_ERROR;
				CLANG_WARN_QUOTED_INCLUDE_IN_FRAMEWORK_HEADER = YES;
				CLANG_WARN_RANGE_LOOP_ANALYSIS = YES;
				CLANG_WARN_STRICT_PROTOTYPES = YES;
				CLANG_WARN_SUSPICIOUS_MOVE = YES;
				CLANG_WARN_UNGUARDED_AVAILABILITY = YES_AGGRESSIVE;
				CLANG_WARN_UNREACHABLE_CODE = YES;
				CLANG_WARN__DUPLICATE_METHOD_MATCH = YES;
				COPY_PHASE_STRIP = NO;
				DEBUG_INFORMATION_FORMAT = dwarf;
				ENABLE_STRICT_OBJC_MSGSEND = YES;
				ENABLE_TESTABILITY = YES;
				GCC_C_LANGUAGE_STANDARD = gnu11;
				GCC_DYNAMIC_NO_PIC = NO;
				GCC_NO_COMMON_BLOCKS = YES;
				GCC_OPTIMIZATION_LEVEL = 0;
				GCC_PREPROCESSOR_DEFINITIONS = (
					"DEBUG=1",
					"$(inherited)",
				);
				GCC_WARN_64_TO_32_BIT_CONVERSION = YES;
				GCC_WARN_ABOUT_RETURN_TYPE = YES_ERROR;
				GCC_WARN_UNDECLARED_SELECTOR = YES;
				GCC_WARN_UNINITIALIZED_AUTOS = YES_AGGRESSIVE;
				GCC_WARN_UNUSED_FUNCTION = YES;
				GCC_WARN_UNUSED_VARIABLE = YES;
				IPHONEOS_DEPLOYMENT_TARGET = 14.4;
				MTL_ENABLE_DEBUG_INFO = INCLUDE_SOURCE;
				MTL_FAST_MATH = YES;
				ONLY_ACTIVE_ARCH = YES;
				SDKROOT = iphoneos;
				SWIFT_ACTIVE_COMPILATION_CONDITIONS = DEBUG;
				SWIFT_OPTIMIZATION_LEVEL = "-Onone";
			};
			name = Debug;
		};
		B92661C126A6A7DF00ACC9F2 /* Release */ = {
			isa = XCBuildConfiguration;
			buildSettings = {
				ALWAYS_SEARCH_USER_PATHS = NO;
				CLANG_ANALYZER_NONNULL = YES;
				CLANG_ANALYZER_NUMBER_OBJECT_CONVERSION = YES_AGGRESSIVE;
				CLANG_CXX_LANGUAGE_STANDARD = "gnu++14";
				CLANG_CXX_LIBRARY = "libc++";
				CLANG_ENABLE_MODULES = YES;
				CLANG_ENABLE_OBJC_ARC = YES;
				CLANG_ENABLE_OBJC_WEAK = YES;
				CLANG_WARN_BLOCK_CAPTURE_AUTORELEASING = YES;
				CLANG_WARN_BOOL_CONVERSION = YES;
				CLANG_WARN_COMMA = YES;
				CLANG_WARN_CONSTANT_CONVERSION = YES;
				CLANG_WARN_DEPRECATED_OBJC_IMPLEMENTATIONS = YES;
				CLANG_WARN_DIRECT_OBJC_ISA_USAGE = YES_ERROR;
				CLANG_WARN_DOCUMENTATION_COMMENTS = YES;
				CLANG_WARN_EMPTY_BODY = YES;
				CLANG_WARN_ENUM_CONVERSION = YES;
				CLANG_WARN_INFINITE_RECURSION = YES;
				CLANG_WARN_INT_CONVERSION = YES;
				CLANG_WARN_NON_LITERAL_NULL_CONVERSION = YES;
				CLANG_WARN_OBJC_IMPLICIT_RETAIN_SELF = YES;
				CLANG_WARN_OBJC_LITERAL_CONVERSION = YES;
				CLANG_WARN_OBJC_ROOT_CLASS = YES_ERROR;
				CLANG_WARN_QUOTED_INCLUDE_IN_FRAMEWORK_HEADER = YES;
				CLANG_WARN_RANGE_LOOP_ANALYSIS = YES;
				CLANG_WARN_STRICT_PROTOTYPES = YES;
				CLANG_WARN_SUSPICIOUS_MOVE = YES;
				CLANG_WARN_UNGUARDED_AVAILABILITY = YES_AGGRESSIVE;
				CLANG_WARN_UNREACHABLE_CODE = YES;
				CLANG_WARN__DUPLICATE_METHOD_MATCH = YES;
				COPY_PHASE_STRIP = NO;
				DEBUG_INFORMATION_FORMAT = "dwarf-with-dsym";
				ENABLE_NS_ASSERTIONS = NO;
				ENABLE_STRICT_OBJC_MSGSEND = YES;
				GCC_C_LANGUAGE_STANDARD = gnu11;
				GCC_NO_COMMON_BLOCKS = YES;
				GCC_WARN_64_TO_32_BIT_CONVERSION = YES;
				GCC_WARN_ABOUT_RETURN_TYPE = YES_ERROR;
				GCC_WARN_UNDECLARED_SELECTOR = YES;
				GCC_WARN_UNINITIALIZED_AUTOS = YES_AGGRESSIVE;
				GCC_WARN_UNUSED_FUNCTION = YES;
				GCC_WARN_UNUSED_VARIABLE = YES;
				IPHONEOS_DEPLOYMENT_TARGET = 14.4;
				MTL_ENABLE_DEBUG_INFO = NO;
				MTL_FAST_MATH = YES;
				SDKROOT = iphoneos;
				SWIFT_COMPILATION_MODE = wholemodule;
				SWIFT_OPTIMIZATION_LEVEL = "-O";
				VALIDATE_PRODUCT = YES;
			};
			name = Release;
		};
		B92661C326A6A7DF00ACC9F2 /* Debug */ = {
			isa = XCBuildConfiguration;
			buildSettings = {
				ASSETCATALOG_COMPILER_APPICON_NAME = AppIcon;
				ASSETCATALOG_COMPILER_GLOBAL_ACCENT_COLOR_NAME = AccentColor;
				CODE_SIGN_STYLE = Automatic;
				CURRENT_PROJECT_VERSION = 1;
				DEVELOPMENT_TEAM = SNDZ43L8ZN;
				INFOPLIST_FILE = reviewistic/Info.plist;
				LD_RUNPATH_SEARCH_PATHS = (
					"$(inherited)",
					"@executable_path/Frameworks",
				);
				MARKETING_VERSION = 0.8.1;
				PRODUCT_BUNDLE_IDENTIFIER = com.macrosoft.reviewistic;
				PRODUCT_NAME = "$(TARGET_NAME)";
				SWIFT_VERSION = 5.0;
				TARGETED_DEVICE_FAMILY = "1,2";
			};
			name = Debug;
		};
		B92661C426A6A7DF00ACC9F2 /* Release */ = {
			isa = XCBuildConfiguration;
			buildSettings = {
				ASSETCATALOG_COMPILER_APPICON_NAME = AppIcon;
				ASSETCATALOG_COMPILER_GLOBAL_ACCENT_COLOR_NAME = AccentColor;
				CODE_SIGN_STYLE = Automatic;
				CURRENT_PROJECT_VERSION = 1;
				DEVELOPMENT_TEAM = SNDZ43L8ZN;
				INFOPLIST_FILE = reviewistic/Info.plist;
				LD_RUNPATH_SEARCH_PATHS = (
					"$(inherited)",
					"@executable_path/Frameworks",
				);
				MARKETING_VERSION = 0.8.1;
				PRODUCT_BUNDLE_IDENTIFIER = com.macrosoft.reviewistic;
				PRODUCT_NAME = "$(TARGET_NAME)";
				SWIFT_VERSION = 5.0;
				TARGETED_DEVICE_FAMILY = "1,2";
			};
			name = Release;
		};
		B92661C626A6A7DF00ACC9F2 /* Debug */ = {
			isa = XCBuildConfiguration;
			buildSettings = {
				ALWAYS_EMBED_SWIFT_STANDARD_LIBRARIES = YES;
				BUNDLE_LOADER = "$(TEST_HOST)";
				CODE_SIGN_STYLE = Automatic;
				DEVELOPMENT_TEAM = SNDZ43L8ZN;
				INFOPLIST_FILE = reviewistic_businessTests/Info.plist;
				IPHONEOS_DEPLOYMENT_TARGET = 14.4;
				LD_RUNPATH_SEARCH_PATHS = (
					"$(inherited)",
					"@executable_path/Frameworks",
					"@loader_path/Frameworks",
				);
				PRODUCT_BUNDLE_IDENTIFIER = "mc3.team8-businessTests";
				PRODUCT_NAME = "$(TARGET_NAME)";
				SWIFT_VERSION = 5.0;
				TARGETED_DEVICE_FAMILY = "1,2";
				TEST_HOST = "$(BUILT_PRODUCTS_DIR)/reviewistic.app/reviewistic";
			};
			name = Debug;
		};
		B92661C726A6A7DF00ACC9F2 /* Release */ = {
			isa = XCBuildConfiguration;
			buildSettings = {
				ALWAYS_EMBED_SWIFT_STANDARD_LIBRARIES = YES;
				BUNDLE_LOADER = "$(TEST_HOST)";
				CODE_SIGN_STYLE = Automatic;
				DEVELOPMENT_TEAM = SNDZ43L8ZN;
				INFOPLIST_FILE = reviewistic_businessTests/Info.plist;
				IPHONEOS_DEPLOYMENT_TARGET = 14.4;
				LD_RUNPATH_SEARCH_PATHS = (
					"$(inherited)",
					"@executable_path/Frameworks",
					"@loader_path/Frameworks",
				);
				PRODUCT_BUNDLE_IDENTIFIER = "mc3.team8-businessTests";
				PRODUCT_NAME = "$(TARGET_NAME)";
				SWIFT_VERSION = 5.0;
				TARGETED_DEVICE_FAMILY = "1,2";
				TEST_HOST = "$(BUILT_PRODUCTS_DIR)/reviewistic.app/reviewistic";
			};
			name = Release;
		};
		B92661C926A6A7DF00ACC9F2 /* Debug */ = {
			isa = XCBuildConfiguration;
			buildSettings = {
				ALWAYS_EMBED_SWIFT_STANDARD_LIBRARIES = YES;
				CODE_SIGN_STYLE = Automatic;
				DEVELOPMENT_TEAM = SNDZ43L8ZN;
				INFOPLIST_FILE = reviewistic_businessUITests/Info.plist;
				LD_RUNPATH_SEARCH_PATHS = (
					"$(inherited)",
					"@executable_path/Frameworks",
					"@loader_path/Frameworks",
				);
				PRODUCT_BUNDLE_IDENTIFIER = "mc3.team8-businessUITests";
				PRODUCT_NAME = "$(TARGET_NAME)";
				SWIFT_VERSION = 5.0;
				TARGETED_DEVICE_FAMILY = "1,2";
				TEST_TARGET_NAME = team8_business;
			};
			name = Debug;
		};
		B92661CA26A6A7DF00ACC9F2 /* Release */ = {
			isa = XCBuildConfiguration;
			buildSettings = {
				ALWAYS_EMBED_SWIFT_STANDARD_LIBRARIES = YES;
				CODE_SIGN_STYLE = Automatic;
				DEVELOPMENT_TEAM = SNDZ43L8ZN;
				INFOPLIST_FILE = reviewistic_businessUITests/Info.plist;
				LD_RUNPATH_SEARCH_PATHS = (
					"$(inherited)",
					"@executable_path/Frameworks",
					"@loader_path/Frameworks",
				);
				PRODUCT_BUNDLE_IDENTIFIER = "mc3.team8-businessUITests";
				PRODUCT_NAME = "$(TARGET_NAME)";
				SWIFT_VERSION = 5.0;
				TARGETED_DEVICE_FAMILY = "1,2";
				TEST_TARGET_NAME = team8_business;
			};
			name = Release;
		};
/* End XCBuildConfiguration section */

/* Begin XCConfigurationList section */
		B926619026A6A7DF00ACC9F2 /* Build configuration list for PBXProject "reviewistic" */ = {
			isa = XCConfigurationList;
			buildConfigurations = (
				B92661C026A6A7DF00ACC9F2 /* Debug */,
				B92661C126A6A7DF00ACC9F2 /* Release */,
			);
			defaultConfigurationIsVisible = 0;
			defaultConfigurationName = Release;
		};
		B92661C226A6A7DF00ACC9F2 /* Build configuration list for PBXNativeTarget "reviewistic" */ = {
			isa = XCConfigurationList;
			buildConfigurations = (
				B92661C326A6A7DF00ACC9F2 /* Debug */,
				B92661C426A6A7DF00ACC9F2 /* Release */,
			);
			defaultConfigurationIsVisible = 0;
			defaultConfigurationName = Release;
		};
		B92661C526A6A7DF00ACC9F2 /* Build configuration list for PBXNativeTarget "reviewisticTests" */ = {
			isa = XCConfigurationList;
			buildConfigurations = (
				B92661C626A6A7DF00ACC9F2 /* Debug */,
				B92661C726A6A7DF00ACC9F2 /* Release */,
			);
			defaultConfigurationIsVisible = 0;
			defaultConfigurationName = Release;
		};
		B92661C826A6A7DF00ACC9F2 /* Build configuration list for PBXNativeTarget "reviewisticUITests" */ = {
			isa = XCConfigurationList;
			buildConfigurations = (
				B92661C926A6A7DF00ACC9F2 /* Debug */,
				B92661CA26A6A7DF00ACC9F2 /* Release */,
			);
			defaultConfigurationIsVisible = 0;
			defaultConfigurationName = Release;
		};
/* End XCConfigurationList section */
	};
	rootObject = B926618D26A6A7DF00ACC9F2 /* Project object */;
}
